{
  "name": "Aiya",
  "lockfileVersion": 3,
  "requires": true,
  "packages": {
    "": {
      "dependencies": {
        "chrome-types": "^0.1.357"
      }
    },
    "node_modules/chrome-types": {
      "version": "0.1.357",
      "resolved": "https://registry.npmjs.org/chrome-types/-/chrome-types-0.1.357.tgz",
      "integrity": "sha512-sPbiDra1z1uWC/VFN8udTj2F+VrTQ5VSRA7eZY4hFcoXgfhemDRb8kALdstF772K7Qrfm3Bw9QgG3uW4SfFVgg==",
      "license": "Apache-2.0"
    }
  }
}
